
Microsoft Visual Studio Solution File, Format Version 12.00
Project("{FAE04EC0-301F-11D3-BF4B-00C04F79EFBC}") = "WebAPI", "WebAPI\WebAPI.csproj", "{77E01035-0B45-4EB2-BED2-FA47A3572F85}"
EndProject
Project("{FAE04EC0-301F-11D3-BF4B-00C04F79EFBC}") = "Shared", "Shared\Shared.csproj", "{483D128E-6E44-46E4-A999-CE22688DB888}"
EndProject
Project("{FAE04EC0-301F-11D3-BF4B-00C04F79EFBC}") = "Application", "Application\Application.csproj", "{F3F88AD0-64F7-4F52-97E0-DFC731E90BC2}"
EndProject
Project("{FAE04EC0-301F-11D3-BF4B-00C04F79EFBC}") = "DataAccess", "DataAccess\DataAccess.csproj", "{8B964400-DC5D-401E-8C60-5DE19FD563CF}"
EndProject
Project("{FAE04EC0-301F-11D3-BF4B-00C04F79EFBC}") = "BlazorApp", "BlazorApp\BlazorApp.csproj", "{0E3D8ABA-EDB1-46CF-A97F-8DEEF003E101}"
EndProject
Project("{FAE04EC0-301F-11D3-BF4B-00C04F79EFBC}") = "HttpClients", "HttpClients\HttpClients.csproj", "{9FC22D7C-3127-49A7-AFF2-B18DBC4D1DA0}"
EndProject
Global
	GlobalSection(SolutionConfigurationPlatforms) = preSolution
		Debug|Any CPU = Debug|Any CPU
		Release|Any CPU = Release|Any CPU
	EndGlobalSection
	GlobalSection(ProjectConfigurationPlatforms) = postSolution
		{77E01035-0B45-4EB2-BED2-FA47A3572F85}.Debug|Any CPU.ActiveCfg = Debug|Any CPU
		{77E01035-0B45-4EB2-BED2-FA47A3572F85}.Debug|Any CPU.Build.0 = Debug|Any CPU
		{77E01035-0B45-4EB2-BED2-FA47A3572F85}.Release|Any CPU.ActiveCfg = Release|Any CPU
		{77E01035-0B45-4EB2-BED2-FA47A3572F85}.Release|Any CPU.Build.0 = Release|Any CPU
		{483D128E-6E44-46E4-A999-CE22688DB888}.Debug|Any CPU.ActiveCfg = Debug|Any CPU
		{483D128E-6E44-46E4-A999-CE22688DB888}.Debug|Any CPU.Build.0 = Debug|Any CPU
		{483D128E-6E44-46E4-A999-CE22688DB888}.Release|Any CPU.ActiveCfg = Release|Any CPU
		{483D128E-6E44-46E4-A999-CE22688DB888}.Release|Any CPU.Build.0 = Release|Any CPU
		{F3F88AD0-64F7-4F52-97E0-DFC731E90BC2}.Debug|Any CPU.ActiveCfg = Debug|Any CPU
		{F3F88AD0-64F7-4F52-97E0-DFC731E90BC2}.Debug|Any CPU.Build.0 = Debug|Any CPU
		{F3F88AD0-64F7-4F52-97E0-DFC731E90BC2}.Release|Any CPU.ActiveCfg = Release|Any CPU
		{F3F88AD0-64F7-4F52-97E0-DFC731E90BC2}.Release|Any CPU.Build.0 = Release|Any CPU
		{8B964400-DC5D-401E-8C60-5DE19FD563CF}.Debug|Any CPU.ActiveCfg = Debug|Any CPU
		{8B964400-DC5D-401E-8C60-5DE19FD563CF}.Debug|Any CPU.Build.0 = Debug|Any CPU
		{8B964400-DC5D-401E-8C60-5DE19FD563CF}.Release|Any CPU.ActiveCfg = Release|Any CPU
		{8B964400-DC5D-401E-8C60-5DE19FD563CF}.Release|Any CPU.Build.0 = Release|Any CPU
		{0E3D8ABA-EDB1-46CF-A97F-8DEEF003E101}.Debug|Any CPU.ActiveCfg = Debug|Any CPU
		{0E3D8ABA-EDB1-46CF-A97F-8DEEF003E101}.Debug|Any CPU.Build.0 = Debug|Any CPU
		{0E3D8ABA-EDB1-46CF-A97F-8DEEF003E101}.Release|Any CPU.ActiveCfg = Release|Any CPU
		{0E3D8ABA-EDB1-46CF-A97F-8DEEF003E101}.Release|Any CPU.Build.0 = Release|Any CPU
		{9FC22D7C-3127-49A7-AFF2-B18DBC4D1DA0}.Debug|Any CPU.ActiveCfg = Debug|Any CPU
		{9FC22D7C-3127-49A7-AFF2-B18DBC4D1DA0}.Debug|Any CPU.Build.0 = Debug|Any CPU
		{9FC22D7C-3127-49A7-AFF2-B18DBC4D1DA0}.Release|Any CPU.ActiveCfg = Release|Any CPU
		{9FC22D7C-3127-49A7-AFF2-B18DBC4D1DA0}.Release|Any CPU.Build.0 = Release|Any CPU
	EndGlobalSection
EndGlobal
